{
  "name": "@nanonets/graft",
  "version": "0.1.3",
  "lockfileVersion": 3,
  "requires": true,
  "packages": {
    "": {
      "name": "@nanonets/graft",
      "version": "0.1.3",
      "hasInstallScript": true,
      "license": "MIT",
      "bin": {
        "graft": "bin/graft.js"
      },
      "engines": {
        "node": ">=20"
      }
    }
  }
}
